
Microsoft Visual Studio Solution File, Format Version 12.00
# Visual Studio Version 16
VisualStudioVersion = 16.0.30804.86
MinimumVisualStudioVersion = 10.0.40219.1
Project("{FAE04EC0-301F-11D3-BF4B-00C04F79EFBC}") = "MouseTracker", "MouseTracker\MouseTracker.csproj", "{F3C63550-C0AE-4288-8CA0-BB20A20DDF02}"
EndProject
Global
	GlobalSection(SolutionConfigurationPlatforms) = preSolution
		Debug|Any CPU = Debug|Any CPU
		Release|Any CPU = Release|Any CPU
	EndGlobalSection
	GlobalSection(ProjectConfigurationPlatforms) = postSolution
		{F3C63550-C0AE-4288-8CA0-BB20A20DDF02}.Debug|Any CPU.ActiveCfg = Debug|Any CPU
		{F3C63550-C0AE-4288-8CA0-BB20A20DDF02}.Debug|Any CPU.Build.0 = Debug|Any CPU
		{F3C63550-C0AE-4288-8CA0-BB20A20DDF02}.Release|Any CPU.ActiveCfg = Release|Any CPU
		{F3C63550-C0AE-4288-8CA0-BB20A20DDF02}.Release|Any CPU.Build.0 = Release|Any CPU
	EndGlobalSection
	GlobalSection(SolutionProperties) = preSolution
		HideSolutionNode = FALSE
	EndGlobalSection
	GlobalSection(ExtensibilityGlobals) = postSolution
		SolutionGuid = {1CD93C7D-8E5F-4CFA-9E07-F16193F6A53E}
	EndGlobalSection
EndGlobal
